
Microsoft Visual Studio Solution File, Format Version 11.00
# Visual Studio 2010
Project("{FAE04EC0-301F-11D3-BF4B-00C04F79EFBC}") = "SpriteCollision", "SpriteCollision\SpriteCollision.csproj", "{09C47B71-6963-4EF9-B606-CF399FB60CA0}"
EndProject
Global
	GlobalSection(SolutionConfigurationPlatforms) = preSolution
		Debug|Any CPU = Debug|Any CPU
		Release|Any CPU = Release|Any CPU
	EndGlobalSection
	GlobalSection(ProjectConfigurationPlatforms) = postSolution
		{09C47B71-6963-4EF9-B606-CF399FB60CA0}.Debug|Any CPU.ActiveCfg = Debug|Any CPU
		{09C47B71-6963-4EF9-B606-CF399FB60CA0}.Debug|Any CPU.Build.0 = Debug|Any CPU
		{09C47B71-6963-4EF9-B606-CF399FB60CA0}.Release|Any CPU.ActiveCfg = Release|Any CPU
		{09C47B71-6963-4EF9-B606-CF399FB60CA0}.Release|Any CPU.Build.0 = Release|Any CPU
	EndGlobalSection
	GlobalSection(MonoDevelopProperties) = preSolution
		StartupItem = SpriteCollision\SpriteCollision.csproj
	EndGlobalSection
EndGlobal
